hash: 8d88007ba19d631cd02140e6ccd8ab58e39afe8bee102e6b68ccc2d17e94eb43
updated: 2018-12-30T13:56:31.351401404+06:00
imports:
- name: github.com/auth0/go-jwt-middleware
  version: 5493cabe49f7bfa6e2ec444a09d334d90cd4e2bd
- name: github.com/awakesecurity/csp
  version: 7896a032f1b6c1acad5e5d91f90a49d03a41aabc
- name: github.com/jeffbmartinez/delay
  version: e1b689d78b33aa556e404357cee5abdb0307afb1
- name: github.com/rs/cors
  version: 9a47f48565a795472d43519dd49aac781f3034fb
- name: github.com/sirupsen/logrus
  version: bcd833dfe83d3cebad139e4a29ed79cb2318bf95
- name: github.com/unrolled/secure
  version: 0d6b5bb13069ed3c463591a636dc7762c56b364a
- name: github.com/urfave/negroni
  version: c6a59be0ce122566695fbd5e48a77f8f10c8a63a
testImports: []
